<?xml version="1.0" encoding="utf-8"?>
<Project ToolsVersion="4.0" xmlns="http://schemas.microsoft.com/developer/msbuild/2003">
  <ItemGroup>
    <Filter Include="Fichiers de ressources">
      <UniqueIdentifier>{67DA6AB6-F800-4c08-8B7A-83BB121AAD01}</UniqueIdentifier>
      <Extensions>rc;ico;cur;bmp;dlg;rc2;rct;bin;rgs;gif;jpg;jpeg;jpe;resx;tiff;tif;png;wav;mfcribbon-ms</Extensions>
    </Filter>
    <Filter Include="KinematicBehaviors">
      <UniqueIdentifier>{bc611806-1c7d-4a6c-969e-701089543aa8}</UniqueIdentifier>
    </Filter>
    <Filter Include="Core">
      <UniqueIdentifier>{4a32a39d-64d7-473a-98b3-341d6fffe91d}</UniqueIdentifier>
    </Filter>
    <Filter Include="Agent">
      <UniqueIdentifier>{c714e88a-09b4-4dbf-9ff2-5b08df4a40a5}</UniqueIdentifier>
    </Filter>
    <Filter Include="Utilities">
      <UniqueIdentifier>{93995380-89BD-4b04-88EB-625FBE52EBFB}</UniqueIdentifier>
      <Extensions>h;hh;hpp;hxx;hm;inl;inc;xsd</Extensions>
    </Filter>
    <Filter Include="SteeringBehaviors">
      <UniqueIdentifier>{be04c14d-aa3c-44fd-96ca-799c01c19de4}</UniqueIdentifier>
    </Filter>
  </ItemGroup>
  <ItemGroup>
    <ClInclude Include="include\SpatialStructureUtility.h">
      <Filter>Utilities</Filter>
    </ClInclude>
    <ClInclude Include="include\KinematicArriveBehavior.h">
      <Filter>KinematicBehaviors</Filter>
    </ClInclude>
    <ClInclude Include="include\KinematicFleeBehavior.h">
      <Filter>KinematicBehaviors</Filter>
    </ClInclude>
    <ClInclude Include="include\KinematicMovementBehavior.h">
      <Filter>KinematicBehaviors</Filter>
    </ClInclude>
    <ClInclude Include="include\KinematicSeekBehavior.h">
      <Filter>KinematicBehaviors</Filter>
    </ClInclude>
    <ClInclude Include="include\KinematicWanderBehavior.h">
      <Filter>KinematicBehaviors</Filter>
    </ClInclude>
    <ClInclude Include="include\SpatialStructure.h">
      <Filter>Core</Filter>
    </ClInclude>
    <ClInclude Include="include\KinematicSteeringOutput.h">
      <Filter>Core</Filter>
    </ClInclude>
    <ClInclude Include="include\Agent.h">
      <Filter>Agent</Filter>
    </ClInclude>
    <ClInclude Include="include\AgentImpl.h">
      <Filter>Agent</Filter>
    </ClInclude>
    <ClInclude Include="include\KinematicAgentImpl.h">
      <Filter>Agent</Filter>
    </ClInclude>
    <ClInclude Include="include\SteeringAgentImpl.h">
      <Filter>Agent</Filter>
    </ClInclude>
    <ClInclude Include="include\SteeringMovementBehavior.h">
      <Filter>SteeringBehaviors</Filter>
    </ClInclude>
    <ClInclude Include="include\SteeringSeekBehavior.h">
      <Filter>SteeringBehaviors</Filter>
    </ClInclude>
    <ClInclude Include="include\SteeringFleeBehavior.h">
      <Filter>SteeringBehaviors</Filter>
    </ClInclude>
    <ClInclude Include="include\SteeringArriveBehavior.h">
      <Filter>SteeringBehaviors</Filter>
    </ClInclude>
    <ClInclude Include="include\SteeringAlignBehavior.h">
      <Filter>SteeringBehaviors</Filter>
    </ClInclude>
    <ClInclude Include="include\SteeringVelocityMatchingBehavior.h">
      <Filter>SteeringBehaviors</Filter>
    </ClInclude>
    <ClInclude Include="include\SteeringPursueBehavior.h">
      <Filter>SteeringBehaviors</Filter>
    </ClInclude>
    <ClInclude Include="include\SteeringEvadeBehavior.h">
      <Filter>SteeringBehaviors</Filter>
    </ClInclude>
    <ClInclude Include="include\SteeringFaceBehavior.h">
      <Filter>SteeringBehaviors</Filter>
    </ClInclude>
    <ClInclude Include="include\SteeringLWYGBehavior.h">
      <Filter>SteeringBehaviors</Filter>
    </ClInclude>
  </ItemGroup>
  <ItemGroup>
    <ClCompile Include="src\KinematicArriveBehavior.cpp">
      <Filter>KinematicBehaviors</Filter>
    </ClCompile>
    <ClCompile Include="src\KinematicFleeBehavior.cpp">
      <Filter>KinematicBehaviors</Filter>
    </ClCompile>
    <ClCompile Include="src\KinematicSeekBehavior.cpp">
      <Filter>KinematicBehaviors</Filter>
    </ClCompile>
    <ClCompile Include="src\KinematicWanderBehavior.cpp">
      <Filter>KinematicBehaviors</Filter>
    </ClCompile>
    <ClCompile Include="src\KinematicAgentImpl.cpp">
      <Filter>Agent</Filter>
    </ClCompile>
    <ClCompile Include="src\SteeringAgentImpl.cpp">
      <Filter>Agent</Filter>
    </ClCompile>
    <ClCompile Include="src\SteeringSeekBehavior.cpp">
      <Filter>SteeringBehaviors</Filter>
    </ClCompile>
    <ClCompile Include="src\SteeringFleeBehavior.cpp">
      <Filter>SteeringBehaviors</Filter>
    </ClCompile>
    <ClCompile Include="src\SteeringArriveBehavior.cpp">
      <Filter>SteeringBehaviors</Filter>
    </ClCompile>
    <ClCompile Include="src\SteeringAlignBehavior.cpp">
      <Filter>SteeringBehaviors</Filter>
    </ClCompile>
    <ClCompile Include="src\SteeringVelocityMatchingBehavior.cpp">
      <Filter>SteeringBehaviors</Filter>
    </ClCompile>
    <ClCompile Include="src\SteeringPursueBehavior.cpp">
      <Filter>SteeringBehaviors</Filter>
    </ClCompile>
    <ClCompile Include="src\SteeringEvadeBehavior.cpp">
      <Filter>SteeringBehaviors</Filter>
    </ClCompile>
    <ClCompile Include="src\SteeringFaceBehavior.cpp">
      <Filter>SteeringBehaviors</Filter>
    </ClCompile>
    <ClCompile Include="src\SteeringLWYGBehavior.cpp">
      <Filter>SteeringBehaviors</Filter>
    </ClCompile>
  </ItemGroup>
</Project>